
Microsoft Visual Studio Solution File, Format Version 12.00
# Visual Studio Version 16
VisualStudioVersion = 16.0.28803.202
MinimumVisualStudioVersion = 10.0.40219.1
Project("{FAE04EC0-301F-11D3-BF4B-00C04F79EFBC}") = "Number 6", "Number 6\Number 6.csproj", "{78881AB9-675C-47E5-BBC9-2BF2113E97D4}"
EndProject
Global
	GlobalSection(SolutionConfigurationPlatforms) = preSolution
		Debug|Any CPU = Debug|Any CPU
		Release|Any CPU = Release|Any CPU
	EndGlobalSection
	GlobalSection(ProjectConfigurationPlatforms) = postSolution
		{78881AB9-675C-47E5-BBC9-2BF2113E97D4}.Debug|Any CPU.ActiveCfg = Debug|Any CPU
		{78881AB9-675C-47E5-BBC9-2BF2113E97D4}.Debug|Any CPU.Build.0 = Debug|Any CPU
		{78881AB9-675C-47E5-BBC9-2BF2113E97D4}.Release|Any CPU.ActiveCfg = Release|Any CPU
		{78881AB9-675C-47E5-BBC9-2BF2113E97D4}.Release|Any CPU.Build.0 = Release|Any CPU
	EndGlobalSection
	GlobalSection(SolutionProperties) = preSolution
		HideSolutionNode = FALSE
	EndGlobalSection
	GlobalSection(ExtensibilityGlobals) = postSolution
		SolutionGuid = {06684F3C-220A-4620-96D1-547C8867C416}
	EndGlobalSection
EndGlobal
